// !$*UTF8*$!
{
	archiveVersion = 1;
	classes = {
	};
	objectVersion = 55;
	objects = {

/* Begin PBXBuildFile section */
		A205B5A4270E154900D1DC51 /* ContactViewModel.swift in Sources */ = {isa = PBXBuildFile; fileRef = A205B5A3270E154900D1DC51 /* ContactViewModel.swift */; };
		A205B5BA270E1B5600D1DC51 /* Contact+CoreDataClass.swift in Sources */ = {isa = PBXBuildFile; fileRef = A205B5B8270E1B5600D1DC51 /* Contact+CoreDataClass.swift */; };
		A205B5BB270E1B5600D1DC51 /* Contact+CoreDataProperties.swift in Sources */ = {isa = PBXBuildFile; fileRef = A205B5B9270E1B5600D1DC51 /* Contact+CoreDataProperties.swift */; };
		A2D86921270E0AD8001BF98D /* AppDelegate.swift in Sources */ = {isa = PBXBuildFile; fileRef = A2D86920270E0AD8001BF98D /* AppDelegate.swift */; };
		A2D86923270E0AD8001BF98D /* SceneDelegate.swift in Sources */ = {isa = PBXBuildFile; fileRef = A2D86922270E0AD8001BF98D /* SceneDelegate.swift */; };
		A2D86925270E0AD8001BF98D /* ContactVC.swift in Sources */ = {isa = PBXBuildFile; fileRef = A2D86924270E0AD8001BF98D /* ContactVC.swift */; };
		A2D86928270E0AD8001BF98D /* Main.storyboard in Resources */ = {isa = PBXBuildFile; fileRef = A2D86926270E0AD8001BF98D /* Main.storyboard */; };
		A2D8692B270E0AD8001BF98D /* CoreDataDemo.xcdatamodeld in Sources */ = {isa = PBXBuildFile; fileRef = A2D86929270E0AD8001BF98D /* CoreDataDemo.xcdatamodeld */; };
		A2D8692D270E0ADB001BF98D /* Assets.xcassets in Resources */ = {isa = PBXBuildFile; fileRef = A2D8692C270E0ADB001BF98D /* Assets.xcassets */; };
		A2D86930270E0ADB001BF98D /* LaunchScreen.storyboard in Resources */ = {isa = PBXBuildFile; fileRef = A2D8692E270E0ADB001BF98D /* LaunchScreen.storyboard */; };
		A2D8693B270E0ADB001BF98D /* CoreDataDemoTests.swift in Sources */ = {isa = PBXBuildFile; fileRef = A2D8693A270E0ADB001BF98D /* CoreDataDemoTests.swift */; };
		A2D86945270E0ADB001BF98D /* CoreDataDemoUITests.swift in Sources */ = {isa = PBXBuildFile; fileRef = A2D86944270E0ADB001BF98D /* CoreDataDemoUITests.swift */; };
		A2D86947270E0ADB001BF98D /* CoreDataDemoUITestsLaunchTests.swift in Sources */ = {isa = PBXBuildFile; fileRef = A2D86946270E0ADB001BF98D /* CoreDataDemoUITestsLaunchTests.swift */; };
		A2D86954270E0BB1001BF98D /* CoreDataStack.swift in Sources */ = {isa = PBXBuildFile; fileRef = A2D86953270E0BB1001BF98D /* CoreDataStack.swift */; };
/* End PBXBuildFile section */

/* Begin PBXContainerItemProxy section */
		A2D86937270E0ADB001BF98D /* PBXContainerItemProxy */ = {
			isa = PBXContainerItemProxy;
			containerPortal = A2D86915270E0AD8001BF98D /* Project object */;
			proxyType = 1;
			remoteGlobalIDString = A2D8691C270E0AD8001BF98D;
			remoteInfo = CoreDataDemo;
		};
		A2D86941270E0ADB001BF98D /* PBXContainerItemProxy */ = {
			isa = PBXContainerItemProxy;
			containerPortal = A2D86915270E0AD8001BF98D /* Project object */;
			proxyType = 1;
			remoteGlobalIDString = A2D8691C270E0AD8001BF98D;
			remoteInfo = CoreDataDemo;
		};
/* End PBXContainerItemProxy section */

/* Begin PBXFileReference section */
		A205B5A3270E154900D1DC51 /* ContactViewModel.swift */ = {isa = PBXFileReference; lastKnownFileType = sourcecode.swift; path = ContactViewModel.swift; sourceTree = "<group>"; };
		A205B5B8270E1B5600D1DC51 /* Contact+CoreDataClass.swift */ = {isa = PBXFileReference; lastKnownFileType = sourcecode.swift; path = "Contact+CoreDataClass.swift"; sourceTree = "<group>"; };
		A205B5B9270E1B5600D1DC51 /* Contact+CoreDataProperties.swift */ = {isa = PBXFileReference; lastKnownFileType = sourcecode.swift; path = "Contact+CoreDataProperties.swift"; sourceTree = "<group>"; };
		A2D8691D270E0AD8001BF98D /* CoreDataDemo.app */ = {isa = PBXFileReference; explicitFileType = wrapper.application; includeInIndex = 0; path = CoreDataDemo.app; sourceTree = BUILT_PRODUCTS_DIR; };
		A2D86920270E0AD8001BF98D /* AppDelegate.swift */ = {isa = PBXFileReference; lastKnownFileType = sourcecode.swift; path = AppDelegate.swift; sourceTree = "<group>"; };
		A2D86922270E0AD8001BF98D /* SceneDelegate.swift */ = {isa = PBXFileReference; lastKnownFileType = sourcecode.swift; path = SceneDelegate.swift; sourceTree = "<group>"; };
		A2D86924270E0AD8001BF98D /* ContactVC.swift */ = {isa = PBXFileReference; lastKnownFileType = sourcecode.swift; path = ContactVC.swift; sourceTree = "<group>"; };
		A2D86927270E0AD8001BF98D /* Base */ = {isa = PBXFileReference; lastKnownFileType = file.storyboard; name = Base; path = Base.lproj/Main.storyboard; sourceTree = "<group>"; };
		A2D8692A270E0AD8001BF98D /* CoreDataDemo.xcdatamodel */ = {isa = PBXFileReference; lastKnownFileType = wrapper.xcdatamodel; path = CoreDataDemo.xcdatamodel; sourceTree = "<group>"; };
		A2D8692C270E0ADB001BF98D /* Assets.xcassets */ = {isa = PBXFileReference; lastKnownFileType = folder.assetcatalog; path = Assets.xcassets; sourceTree = "<group>"; };
		A2D8692F270E0ADB001BF98D /* Base */ = {isa = PBXFileReference; lastKnownFileType = file.storyboard; name = Base; path = Base.lproj/LaunchScreen.storyboard; sourceTree = "<group>"; };
		A2D86931270E0ADB001BF98D /* Info.plist */ = {isa = PBXFileReference; lastKnownFileType = text.plist.xml; path = Info.plist; sourceTree = "<group>"; };
		A2D86936270E0ADB001BF98D /* CoreDataDemoTests.xctest */ = {isa = PBXFileReference; explicitFileType = wrapper.cfbundle; includeInIndex = 0; path = CoreDataDemoTests.xctest; sourceTree = BUILT_PRODUCTS_DIR; };
		A2D8693A270E0ADB001BF98D /* CoreDataDemoTests.swift */ = {isa = PBXFileReference; lastKnownFileType = sourcecode.swift; path = CoreDataDemoTests.swift; sourceTree = "<group>"; };
		A2D86940270E0ADB001BF98D /* CoreDataDemoUITests.xctest */ = {isa = PBXFileReference; explicitFileType = wrapper.cfbundle; includeInIndex = 0; path = CoreDataDemoUITests.xctest; sourceTree = BUILT_PRODUCTS_DIR; };
		A2D86944270E0ADB001BF98D /* CoreDataDemoUITests.swift */ = {isa = PBXFileReference; lastKnownFileType = sourcecode.swift; path = CoreDataDemoUITests.swift; sourceTree = "<group>"; };
		A2D86946270E0ADB001BF98D /* CoreDataDemoUITestsLaunchTests.swift */ = {isa = PBXFileReference; lastKnownFileType = sourcecode.swift; path = CoreDataDemoUITestsLaunchTests.swift; sourceTree = "<group>"; };
		A2D86953270E0BB1001BF98D /* CoreDataStack.swift */ = {isa = PBXFileReference; lastKnownFileType = sourcecode.swift; path = CoreDataStack.swift; sourceTree = "<group>"; };
/* End PBXFileReference section */

/* Begin PBXFrameworksBuildPhase section */
		A2D8691A270E0AD8001BF98D /* Frameworks */ = {
			isa = PBXFrameworksBuildPhase;
			buildActionMask = 2147483647;
			files = (
			);
			runOnlyForDeploymentPostprocessing = 0;
		};
		A2D86933270E0ADB001BF98D /* Frameworks */ = {
			isa = PBXFrameworksBuildPhase;
			buildActionMask = 2147483647;
			files = (
			);
			runOnlyForDeploymentPostprocessing = 0;
		};
		A2D8693D270E0ADB001BF98D /* Frameworks */ = {
			isa = PBXFrameworksBuildPhase;
			buildActionMask = 2147483647;
			files = (
			);
			runOnlyForDeploymentPostprocessing = 0;
		};
/* End PBXFrameworksBuildPhase section */

/* Begin PBXGroup section */
		A205B59F270E14E900D1DC51 /* Contacts */ = {
			isa = PBXGroup;
			children = (
				A205B5A2270E151C00D1DC51 /* Models */,
				A205B5A1270E151000D1DC51 /* ViewModels */,
				A205B5A0270E150500D1DC51 /* Views */,
			);
			path = Contacts;
			sourceTree = "<group>";
		};
		A205B5A0270E150500D1DC51 /* Views */ = {
			isa = PBXGroup;
			children = (
				A2D86924270E0AD8001BF98D /* ContactVC.swift */,
			);
			path = Views;
			sourceTree = "<group>";
		};
		A205B5A1270E151000D1DC51 /* ViewModels */ = {
			isa = PBXGroup;
			children = (
				A205B5A3270E154900D1DC51 /* ContactViewModel.swift */,
			);
			path = ViewModels;
			sourceTree = "<group>";
		};
		A205B5A2270E151C00D1DC51 /* Models */ = {
			isa = PBXGroup;
			children = (
				A205B5B8270E1B5600D1DC51 /* Contact+CoreDataClass.swift */,
				A205B5B9270E1B5600D1DC51 /* Contact+CoreDataProperties.swift */,
			);
			path = Models;
			sourceTree = "<group>";
		};
		A2D86914270E0AD8001BF98D = {
			isa = PBXGroup;
			children = (
				A2D8691F270E0AD8001BF98D /* CoreDataDemo */,
				A2D86939270E0ADB001BF98D /* CoreDataDemoTests */,
				A2D86943270E0ADB001BF98D /* CoreDataDemoUITests */,
				A2D8691E270E0AD8001BF98D /* Products */,
			);
			sourceTree = "<group>";
		};
		A2D8691E270E0AD8001BF98D /* Products */ = {
			isa = PBXGroup;
			children = (
				A2D8691D270E0AD8001BF98D /* CoreDataDemo.app */,
				A2D86936270E0ADB001BF98D /* CoreDataDemoTests.xctest */,
				A2D86940270E0ADB001BF98D /* CoreDataDemoUITests.xctest */,
			);
			name = Products;
			sourceTree = "<group>";
		};
		A2D8691F270E0AD8001BF98D /* CoreDataDemo */ = {
			isa = PBXGroup;
			children = (
				A205B59F270E14E900D1DC51 /* Contacts */,
				A2D86920270E0AD8001BF98D /* AppDelegate.swift */,
				A2D86922270E0AD8001BF98D /* SceneDelegate.swift */,
				A2D86926270E0AD8001BF98D /* Main.storyboard */,
				A2D8692C270E0ADB001BF98D /* Assets.xcassets */,
				A2D8692E270E0ADB001BF98D /* LaunchScreen.storyboard */,
				A2D86931270E0ADB001BF98D /* Info.plist */,
				A2D86929270E0AD8001BF98D /* CoreDataDemo.xcdatamodeld */,
				A2D86953270E0BB1001BF98D /* CoreDataStack.swift */,
			);
			path = CoreDataDemo;
			sourceTree = "<group>";
		};
		A2D86939270E0ADB001BF98D /* CoreDataDemoTests */ = {
			isa = PBXGroup;
			children = (
				A2D8693A270E0ADB001BF98D /* CoreDataDemoTests.swift */,
			);
			path = CoreDataDemoTests;
			sourceTree = "<group>";
		};
		A2D86943270E0ADB001BF98D /* CoreDataDemoUITests */ = {
			isa = PBXGroup;
			children = (
				A2D86944270E0ADB001BF98D /* CoreDataDemoUITests.swift */,
				A2D86946270E0ADB001BF98D /* CoreDataDemoUITestsLaunchTests.swift */,
			);
			path = CoreDataDemoUITests;
			sourceTree = "<group>";
		};
/* End PBXGroup section */

/* Begin PBXNativeTarget section */
		A2D8691C270E0AD8001BF98D /* CoreDataDemo */ = {
			isa = PBXNativeTarget;
			buildConfigurationList = A2D8694A270E0ADB001BF98D /* Build configuration list for PBXNativeTarget "CoreDataDemo" */;
			buildPhases = (
				A2D86919270E0AD8001BF98D /* Sources */,
				A2D8691A270E0AD8001BF98D /* Frameworks */,
				A2D8691B270E0AD8001BF98D /* Resources */,
			);
			buildRules = (
			);
			dependencies = (
			);
			name = CoreDataDemo;
			productName = CoreDataDemo;
			productReference = A2D8691D270E0AD8001BF98D /* CoreDataDemo.app */;
			productType = "com.apple.product-type.application";
		};
		A2D86935270E0ADB001BF98D /* CoreDataDemoTests */ = {
			isa = PBXNativeTarget;
			buildConfigurationList = A2D8694D270E0ADB001BF98D /* Build configuration list for PBXNativeTarget "CoreDataDemoTests" */;
			buildPhases = (
				A2D86932270E0ADB001BF98D /* Sources */,
				A2D86933270E0ADB001BF98D /* Frameworks */,
				A2D86934270E0ADB001BF98D /* Resources */,
			);
			buildRules = (
			);
			dependencies = (
				A2D86938270E0ADB001BF98D /* PBXTargetDependency */,
			);
			name = CoreDataDemoTests;
			productName = CoreDataDemoTests;
			productReference = A2D86936270E0ADB001BF98D /* CoreDataDemoTests.xctest */;
			productType = "com.apple.product-type.bundle.unit-test";
		};
		A2D8693F270E0ADB001BF98D /* CoreDataDemoUITests */ = {
			isa = PBXNativeTarget;
			buildConfigurationList = A2D86950270E0ADB001BF98D /* Build configuration list for PBXNativeTarget "CoreDataDemoUITests" */;
			buildPhases = (
				A2D8693C270E0ADB001BF98D /* Sources */,
				A2D8693D270E0ADB001BF98D /* Frameworks */,
				A2D8693E270E0ADB001BF98D /* Resources */,
			);
			buildRules = (
			);
			dependencies = (
				A2D86942270E0ADB001BF98D /* PBXTargetDependency */,
			);
			name = CoreDataDemoUITests;
			productName = CoreDataDemoUITests;
			productReference = A2D86940270E0ADB001BF98D /* CoreDataDemoUITests.xctest */;
			productType = "com.apple.product-type.bundle.ui-testing";
		};
/* End PBXNativeTarget section */

/* Begin PBXProject section */
		A2D86915270E0AD8001BF98D /* Project object */ = {
			isa = PBXProject;
			attributes = {
				BuildIndependentTargetsInParallel = 1;
				LastSwiftUpdateCheck = 1300;
				LastUpgradeCheck = 1300;
				TargetAttributes = {
					A2D8691C270E0AD8001BF98D = {
						CreatedOnToolsVersion = 13.0;
					};
					A2D86935270E0ADB001BF98D = {
						CreatedOnToolsVersion = 13.0;
						TestTargetID = A2D8691C270E0AD8001BF98D;
					};
					A2D8693F270E0ADB001BF98D = {
						CreatedOnToolsVersion = 13.0;
						TestTargetID = A2D8691C270E0AD8001BF98D;
					};
				};
			};
			buildConfigurationList = A2D86918270E0AD8001BF98D /* Build configuration list for PBXProject "CoreDataDemo" */;
			compatibilityVersion = "Xcode 13.0";
			developmentRegion = en;
			hasScannedForEncodings = 0;
			knownRegions = (
				en,
				Base,
			);
			mainGroup = A2D86914270E0AD8001BF98D;
			productRefGroup = A2D8691E270E0AD8001BF98D /* Products */;
			projectDirPath = "";
			projectRoot = "";
			targets = (
				A2D8691C270E0AD8001BF98D /* CoreDataDemo */,
				A2D86935270E0ADB001BF98D /* CoreDataDemoTests */,
				A2D8693F270E0ADB001BF98D /* CoreDataDemoUITests */,
			);
		};
/* End PBXProject section */

/* Begin PBXResourcesBuildPhase section */
		A2D8691B270E0AD8001BF98D /* Resources */ = {
			isa = PBXResourcesBuildPhase;
			buildActionMask = 2147483647;
			files = (
				A2D86930270E0ADB001BF98D /* LaunchScreen.storyboard in Resources */,
				A2D8692D270E0ADB001BF98D /* Assets.xcassets in Resources */,
				A2D86928270E0AD8001BF98D /* Main.storyboard in Resources */,
			);
			runOnlyForDeploymentPostprocessing = 0;
		};
		A2D86934270E0ADB001BF98D /* Resources */ = {
			isa = PBXResourcesBuildPhase;
			buildActionMask = 2147483647;
			files = (
			);
			runOnlyForDeploymentPostprocessing = 0;
		};
		A2D8693E270E0ADB001BF98D /* Resources */ = {
			isa = PBXResourcesBuildPhase;
			buildActionMask = 2147483647;
			files = (
			);
			runOnlyForDeploymentPostprocessing = 0;
		};
/* End PBXResourcesBuildPhase section */

/* Begin PBXSourcesBuildPhase section */
		A2D86919270E0AD8001BF98D /* Sources */ = {
			isa = PBXSourcesBuildPhase;
			buildActionMask = 2147483647;
			files = (
				A2D86954270E0BB1001BF98D /* CoreDataStack.swift in Sources */,
				A205B5BA270E1B5600D1DC51 /* Contact+CoreDataClass.swift in Sources */,
				A205B5A4270E154900D1DC51 /* ContactViewModel.swift in Sources */,
				A2D86925270E0AD8001BF98D /* ContactVC.swift in Sources */,
				A205B5BB270E1B5600D1DC51 /* Contact+CoreDataProperties.swift in Sources */,
				A2D8692B270E0AD8001BF98D /* CoreDataDemo.xcdatamodeld in Sources */,
				A2D86921270E0AD8001BF98D /* AppDelegate.swift in Sources */,
				A2D86923270E0AD8001BF98D /* SceneDelegate.swift in Sources */,
			);
			runOnlyForDeploymentPostprocessing = 0;
		};
		A2D86932270E0ADB001BF98D /* Sources */ = {
			isa = PBXSourcesBuildPhase;
			buildActionMask = 2147483647;
			files = (
				A2D8693B270E0ADB001BF98D /* CoreDataDemoTests.swift in Sources */,
			);
			runOnlyForDeploymentPostprocessing = 0;
		};
		A2D8693C270E0ADB001BF98D /* Sources */ = {
			isa = PBXSourcesBuildPhase;
			buildActionMask = 2147483647;
			files = (
				A2D86947270E0ADB001BF98D /* CoreDataDemoUITestsLaunchTests.swift in Sources */,
				A2D86945270E0ADB001BF98D /* CoreDataDemoUITests.swift in Sources */,
			);
			runOnlyForDeploymentPostprocessing = 0;
		};
/* End PBXSourcesBuildPhase section */

/* Begin PBXTargetDependency section */
		A2D86938270E0ADB001BF98D /* PBXTargetDependency */ = {
			isa = PBXTargetDependency;
			target = A2D8691C270E0AD8001BF98D /* CoreDataDemo */;
			targetProxy = A2D86937270E0ADB001BF98D /* PBXContainerItemProxy */;
		};
		A2D86942270E0ADB001BF98D /* PBXTargetDependency */ = {
			isa = PBXTargetDependency;
			target = A2D8691C270E0AD8001BF98D /* CoreDataDemo */;
			targetProxy = A2D86941270E0ADB001BF98D /* PBXContainerItemProxy */;
		};
/* End PBXTargetDependency section */

/* Begin PBXVariantGroup section */
		A2D86926270E0AD8001BF98D /* Main.storyboard */ = {
			isa = PBXVariantGroup;
			children = (
				A2D86927270E0AD8001BF98D /* Base */,
			);
			name = Main.storyboard;
			sourceTree = "<group>";
		};
		A2D8692E270E0ADB001BF98D /* LaunchScreen.storyboard */ = {
			isa = PBXVariantGroup;
			children = (
				A2D8692F270E0ADB001BF98D /* Base */,
			);
			name = LaunchScreen.storyboard;
			sourceTree = "<group>";
		};
/* End PBXVariantGroup section */

/* Begin XCBuildConfiguration section */
		A2D86948270E0ADB001BF98D /* Debug */ = {
			isa = XCBuildConfiguration;
			buildSettings = {
				ALWAYS_SEARCH_USER_PATHS = NO;
				CLANG_ANALYZER_NONNULL = YES;
				CLANG_ANALYZER_NUMBER_OBJECT_CONVERSION = YES_AGGRESSIVE;
				CLANG_CXX_LANGUAGE_STANDARD = "gnu++17";
				CLANG_CXX_LIBRARY = "libc++";
				CLANG_ENABLE_MODULES = YES;
				CLANG_ENABLE_OBJC_ARC = YES;
				CLANG_ENABLE_OBJC_WEAK = YES;
				CLANG_WARN_BLOCK_CAPTURE_AUTORELEASING = YES;
				CLANG_WARN_BOOL_CONVERSION = YES;
				CLANG_WARN_COMMA = YES;
				CLANG_WARN_CONSTANT_CONVERSION = YES;
				CLANG_WARN_DEPRECATED_OBJC_IMPLEMENTATIONS = YES;
				CLANG_WARN_DIRECT_OBJC_ISA_USAGE = YES_ERROR;
				CLANG_WARN_DOCUMENTATION_COMMENTS = YES;
				CLANG_WARN_EMPTY_BODY = YES;
				CLANG_WARN_ENUM_CONVERSION = YES;
				CLANG_WARN_INFINITE_RECURSION = YES;
				CLANG_WARN_INT_CONVERSION = YES;
				CLANG_WARN_NON_LITERAL_NULL_CONVERSION = YES;
				CLANG_WARN_OBJC_IMPLICIT_RETAIN_SELF = YES;
				CLANG_WARN_OBJC_LITERAL_CONVERSION = YES;
				CLANG_WARN_OBJC_ROOT_CLASS = YES_ERROR;
				CLANG_WARN_QUOTED_INCLUDE_IN_FRAMEWORK_HEADER = YES;
				CLANG_WARN_RANGE_LOOP_ANALYSIS = YES;
				CLANG_WARN_STRICT_PROTOTYPES = YES;
				CLANG_WARN_SUSPICIOUS_MOVE = YES;
				CLANG_WARN_UNGUARDED_AVAILABILITY = YES_AGGRESSIVE;
				CLANG_WARN_UNREACHABLE_CODE = YES;
				CLANG_WARN__DUPLICATE_METHOD_MATCH = YES;
				COPY_PHASE_STRIP = NO;
				DEBUG_INFORMATION_FORMAT = dwarf;
				ENABLE_STRICT_OBJC_MSGSEND = YES;
				ENABLE_TESTABILITY = YES;
				GCC_C_LANGUAGE_STANDARD = gnu11;
				GCC_DYNAMIC_NO_PIC = NO;
				GCC_NO_COMMON_BLOCKS = YES;
				GCC_OPTIMIZATION_LEVEL = 0;
				GCC_PREPROCESSOR_DEFINITIONS = (
					"DEBUG=1",
					"$(inherited)",
				);
				GCC_WARN_64_TO_32_BIT_CONVERSION = YES;
				GCC_WARN_ABOUT_RETURN_TYPE = YES_ERROR;
				GCC_WARN_UNDECLARED_SELECTOR = YES;
				GCC_WARN_UNINITIALIZED_AUTOS = YES_AGGRESSIVE;
				GCC_WARN_UNUSED_FUNCTION = YES;
				GCC_WARN_UNUSED_VARIABLE = YES;
				IPHONEOS_DEPLOYMENT_TARGET = 15.0;
				MTL_ENABLE_DEBUG_INFO = INCLUDE_SOURCE;
				MTL_FAST_MATH = YES;
				ONLY_ACTIVE_ARCH = YES;
				SDKROOT = iphoneos;
				SWIFT_ACTIVE_COMPILATION_CONDITIONS = DEBUG;
				SWIFT_OPTIMIZATION_LEVEL = "-Onone";
			};
			name = Debug;
		};
		A2D86949270E0ADB001BF98D /* Release */ = {
			isa = XCBuildConfiguration;
			buildSettings = {
				ALWAYS_SEARCH_USER_PATHS = NO;
				CLANG_ANALYZER_NONNULL = YES;
				CLANG_ANALYZER_NUMBER_OBJECT_CONVERSION = YES_AGGRESSIVE;
				CLANG_CXX_LANGUAGE_STANDARD = "gnu++17";
				CLANG_CXX_LIBRARY = "libc++";
				CLANG_ENABLE_MODULES = YES;
				CLANG_ENABLE_OBJC_ARC = YES;
				CLANG_ENABLE_OBJC_WEAK = YES;
				CLANG_WARN_BLOCK_CAPTURE_AUTORELEASING = YES;
				CLANG_WARN_BOOL_CONVERSION = YES;
				CLANG_WARN_COMMA = YES;
				CLANG_WARN_CONSTANT_CONVERSION = YES;
				CLANG_WARN_DEPRECATED_OBJC_IMPLEMENTATIONS = YES;
				CLANG_WARN_DIRECT_OBJC_ISA_USAGE = YES_ERROR;
				CLANG_WARN_DOCUMENTATION_COMMENTS = YES;
				CLANG_WARN_EMPTY_BODY = YES;
				CLANG_WARN_ENUM_CONVERSION = YES;
				CLANG_WARN_INFINITE_RECURSION = YES;
				CLANG_WARN_INT_CONVERSION = YES;
				CLANG_WARN_NON_LITERAL_NULL_CONVERSION = YES;
				CLANG_WARN_OBJC_IMPLICIT_RETAIN_SELF = YES;
				CLANG_WARN_OBJC_LITERAL_CONVERSION = YES;
				CLANG_WARN_OBJC_ROOT_CLASS = YES_ERROR;
				CLANG_WARN_QUOTED_INCLUDE_IN_FRAMEWORK_HEADER = YES;
				CLANG_WARN_RANGE_LOOP_ANALYSIS = YES;
				CLANG_WARN_STRICT_PROTOTYPES = YES;
				CLANG_WARN_SUSPICIOUS_MOVE = YES;
				CLANG_WARN_UNGUARDED_AVAILABILITY = YES_AGGRESSIVE;
				CLANG_WARN_UNREACHABLE_CODE = YES;
				CLANG_WARN__DUPLICATE_METHOD_MATCH = YES;
				COPY_PHASE_STRIP = NO;
				DEBUG_INFORMATION_FORMAT = "dwarf-with-dsym";
				ENABLE_NS_ASSERTIONS = NO;
				ENABLE_STRICT_OBJC_MSGSEND = YES;
				GCC_C_LANGUAGE_STANDARD = gnu11;
				GCC_NO_COMMON_BLOCKS = YES;
				GCC_WARN_64_TO_32_BIT_CONVERSION = YES;
				GCC_WARN_ABOUT_RETURN_TYPE = YES_ERROR;
				GCC_WARN_UNDECLARED_SELECTOR = YES;
				GCC_WARN_UNINITIALIZED_AUTOS = YES_AGGRESSIVE;
				GCC_WARN_UNUSED_FUNCTION = YES;
				GCC_WARN_UNUSED_VARIABLE = YES;
				IPHONEOS_DEPLOYMENT_TARGET = 15.0;
				MTL_ENABLE_DEBUG_INFO = NO;
				MTL_FAST_MATH = YES;
				SDKROOT = iphoneos;
				SWIFT_COMPILATION_MODE = wholemodule;
				SWIFT_OPTIMIZATION_LEVEL = "-O";
				VALIDATE_PRODUCT = YES;
			};
			name = Release;
		};
		A2D8694B270E0ADB001BF98D /* Debug */ = {
			isa = XCBuildConfiguration;
			buildSettings = {
				ASSETCATALOG_COMPILER_APPICON_NAME = AppIcon;
				ASSETCATALOG_COMPILER_GLOBAL_ACCENT_COLOR_NAME = AccentColor;
				CODE_SIGN_STYLE = Automatic;
				CURRENT_PROJECT_VERSION = 1;
				DEVELOPMENT_TEAM = ZGD9X4GZC8;
				GENERATE_INFOPLIST_FILE = YES;
				INFOPLIST_FILE = CoreDataDemo/Info.plist;
				INFOPLIST_KEY_UIApplicationSupportsIndirectInputEvents = YES;
				INFOPLIST_KEY_UILaunchStoryboardName = LaunchScreen;
				INFOPLIST_KEY_UIMainStoryboardFile = Main;
				INFOPLIST_KEY_UISupportedInterfaceOrientations_iPad = "UIInterfaceOrientationPortrait UIInterfaceOrientationPortraitUpsideDown UIInterfaceOrientationLandscapeLeft UIInterfaceOrientationLandscapeRight";
				INFOPLIST_KEY_UISupportedInterfaceOrientations_iPhone = "UIInterfaceOrientationPortrait UIInterfaceOrientationLandscapeLeft UIInterfaceOrientationLandscapeRight";
				LD_RUNPATH_SEARCH_PATHS = (
					"$(inherited)",
					"@executable_path/Frameworks",
				);
				MARKETING_VERSION = 1.0;
				PRODUCT_BUNDLE_IDENTIFIER = com.DMI.Emojibook.CoreDataDemo;
				PRODUCT_NAME = "$(TARGET_NAME)";
				SWIFT_EMIT_LOC_STRINGS = YES;
				SWIFT_VERSION = 5.0;
				TARGETED_DEVICE_FAMILY = "1,2";
			};
			name = Debug;
		};
		A2D8694C270E0ADB001BF98D /* Release */ = {
			isa = XCBuildConfiguration;
			buildSettings = {
				ASSETCATALOG_COMPILER_APPICON_NAME = AppIcon;
				ASSETCATALOG_COMPILER_GLOBAL_ACCENT_COLOR_NAME = AccentColor;
				CODE_SIGN_STYLE = Automatic;
				CURRENT_PROJECT_VERSION = 1;
				DEVELOPMENT_TEAM = ZGD9X4GZC8;
				GENERATE_INFOPLIST_FILE = YES;
				INFOPLIST_FILE = CoreDataDemo/Info.plist;
				INFOPLIST_KEY_UIApplicationSupportsIndirectInputEvents = YES;
				INFOPLIST_KEY_UILaunchStoryboardName = LaunchScreen;
				INFOPLIST_KEY_UIMainStoryboardFile = Main;
				INFOPLIST_KEY_UISupportedInterfaceOrientations_iPad = "UIInterfaceOrientationPortrait UIInterfaceOrientationPortraitUpsideDown UIInterfaceOrientationLandscapeLeft UIInterfaceOrientationLandscapeRight";
				INFOPLIST_KEY_UISupportedInterfaceOrientations_iPhone = "UIInterfaceOrientationPortrait UIInterfaceOrientationLandscapeLeft UIInterfaceOrientationLandscapeRight";
				LD_RUNPATH_SEARCH_PATHS = (
					"$(inherited)",
					"@executable_path/Frameworks",
				);
				MARKETING_VERSION = 1.0;
				PRODUCT_BUNDLE_IDENTIFIER = com.DMI.Emojibook.CoreDataDemo;
				PRODUCT_NAME = "$(TARGET_NAME)";
				SWIFT_EMIT_LOC_STRINGS = YES;
				SWIFT_VERSION = 5.0;
				TARGETED_DEVICE_FAMILY = "1,2";
			};
			name = Release;
		};
		A2D8694E270E0ADB001BF98D /* Debug */ = {
			isa = XCBuildConfiguration;
			buildSettings = {
				ALWAYS_EMBED_SWIFT_STANDARD_LIBRARIES = YES;
				BUNDLE_LOADER = "$(TEST_HOST)";
				CODE_SIGN_STYLE = Automatic;
				CURRENT_PROJECT_VERSION = 1;
				GENERATE_INFOPLIST_FILE = YES;
				IPHONEOS_DEPLOYMENT_TARGET = 15.0;
				LD_RUNPATH_SEARCH_PATHS = (
					"$(inherited)",
					"@executable_path/Frameworks",
					"@loader_path/Frameworks",
				);
				MARKETING_VERSION = 1.0;
				PRODUCT_BUNDLE_IDENTIFIER = com.DMI.Emojibook.CoreDataDemoTests;
				PRODUCT_NAME = "$(TARGET_NAME)";
				SWIFT_EMIT_LOC_STRINGS = NO;
				SWIFT_VERSION = 5.0;
				TARGETED_DEVICE_FAMILY = "1,2";
				TEST_HOST = "$(BUILT_PRODUCTS_DIR)/CoreDataDemo.app/CoreDataDemo";
			};
			name = Debug;
		};
		A2D8694F270E0ADB001BF98D /* Release */ = {
			isa = XCBuildConfiguration;
			buildSettings = {
				ALWAYS_EMBED_SWIFT_STANDARD_LIBRARIES = YES;
				BUNDLE_LOADER = "$(TEST_HOST)";
				CODE_SIGN_STYLE = Automatic;
				CURRENT_PROJECT_VERSION = 1;
				GENERATE_INFOPLIST_FILE = YES;
				IPHONEOS_DEPLOYMENT_TARGET = 15.0;
				LD_RUNPATH_SEARCH_PATHS = (
					"$(inherited)",
					"@executable_path/Frameworks",
					"@loader_path/Frameworks",
				);
				MARKETING_VERSION = 1.0;
				PRODUCT_BUNDLE_IDENTIFIER = com.DMI.Emojibook.CoreDataDemoTests;
				PRODUCT_NAME = "$(TARGET_NAME)";
				SWIFT_EMIT_LOC_STRINGS = NO;
				SWIFT_VERSION = 5.0;
				TARGETED_DEVICE_FAMILY = "1,2";
				TEST_HOST = "$(BUILT_PRODUCTS_DIR)/CoreDataDemo.app/CoreDataDemo";
			};
			name = Release;
		};
		A2D86951270E0ADB001BF98D /* Debug */ = {
			isa = XCBuildConfiguration;
			buildSettings = {
				ALWAYS_EMBED_SWIFT_STANDARD_LIBRARIES = YES;
				CODE_SIGN_STYLE = Automatic;
				CURRENT_PROJECT_VERSION = 1;
				GENERATE_INFOPLIST_FILE = YES;
				LD_RUNPATH_SEARCH_PATHS = (
					"$(inherited)",
					"@executable_path/Frameworks",
					"@loader_path/Frameworks",
				);
				MARKETING_VERSION = 1.0;
				PRODUCT_BUNDLE_IDENTIFIER = com.DMI.Emojibook.CoreDataDemoUITests;
				PRODUCT_NAME = "$(TARGET_NAME)";
				SWIFT_EMIT_LOC_STRINGS = NO;
				SWIFT_VERSION = 5.0;
				TARGETED_DEVICE_FAMILY = "1,2";
				TEST_TARGET_NAME = CoreDataDemo;
			};
			name = Debug;
		};
		A2D86952270E0ADB001BF98D /* Release */ = {
			isa = XCBuildConfiguration;
			buildSettings = {
				ALWAYS_EMBED_SWIFT_STANDARD_LIBRARIES = YES;
				CODE_SIGN_STYLE = Automatic;
				CURRENT_PROJECT_VERSION = 1;
				GENERATE_INFOPLIST_FILE = YES;
				LD_RUNPATH_SEARCH_PATHS = (
					"$(inherited)",
					"@executable_path/Frameworks",
					"@loader_path/Frameworks",
				);
				MARKETING_VERSION = 1.0;
				PRODUCT_BUNDLE_IDENTIFIER = com.DMI.Emojibook.CoreDataDemoUITests;
				PRODUCT_NAME = "$(TARGET_NAME)";
				SWIFT_EMIT_LOC_STRINGS = NO;
				SWIFT_VERSION = 5.0;
				TARGETED_DEVICE_FAMILY = "1,2";
				TEST_TARGET_NAME = CoreDataDemo;
			};
			name = Release;
		};
/* End XCBuildConfiguration section */

/* Begin XCConfigurationList section */
		A2D86918270E0AD8001BF98D /* Build configuration list for PBXProject "CoreDataDemo" */ = {
			isa = XCConfigurationList;
			buildConfigurations = (
				A2D86948270E0ADB001BF98D /* Debug */,
				A2D86949270E0ADB001BF98D /* Release */,
			);
			defaultConfigurationIsVisible = 0;
			defaultConfigurationName = Release;
		};
		A2D8694A270E0ADB001BF98D /* Build configuration list for PBXNativeTarget "CoreDataDemo" */ = {
			isa = XCConfigurationList;
			buildConfigurations = (
				A2D8694B270E0ADB001BF98D /* Debug */,
				A2D8694C270E0ADB001BF98D /* Release */,
			);
			defaultConfigurationIsVisible = 0;
			defaultConfigurationName = Release;
		};
		A2D8694D270E0ADB001BF98D /* Build configuration list for PBXNativeTarget "CoreDataDemoTests" */ = {
			isa = XCConfigurationList;
			buildConfigurations = (
				A2D8694E270E0ADB001BF98D /* Debug */,
				A2D8694F270E0ADB001BF98D /* Release */,
			);
			defaultConfigurationIsVisible = 0;
			defaultConfigurationName = Release;
		};
		A2D86950270E0ADB001BF98D /* Build configuration list for PBXNativeTarget "CoreDataDemoUITests" */ = {
			isa = XCConfigurationList;
			buildConfigurations = (
				A2D86951270E0ADB001BF98D /* Debug */,
				A2D86952270E0ADB001BF98D /* Release */,
			);
			defaultConfigurationIsVisible = 0;
			defaultConfigurationName = Release;
		};
/* End XCConfigurationList section */

/* Begin XCVersionGroup section */
		A2D86929270E0AD8001BF98D /* CoreDataDemo.xcdatamodeld */ = {
			isa = XCVersionGroup;
			children = (
				A2D8692A270E0AD8001BF98D /* CoreDataDemo.xcdatamodel */,
			);
			currentVersion = A2D8692A270E0AD8001BF98D /* CoreDataDemo.xcdatamodel */;
			path = CoreDataDemo.xcdatamodeld;
			sourceTree = "<group>";
			versionGroupType = wrapper.xcdatamodel;
		};
/* End XCVersionGroup section */
	};
	rootObject = A2D86915270E0AD8001BF98D /* Project object */;
}
